Microsoft Visual Studio Solution File, Format Version 12.00
# Visual Studio Version 17
VisualStudioVersion = 17.13.35617.110
MinimumVisualStudioVersion = 10.0.40219.1
Project("{FAE04EC0-301F-11D3-BF4B-00C04F79EFBC}") = "PokemonProjectv2", "PokemonProjectv2.csproj", "{766BBE58-3A9D-42CA-95C5-620271089F3A}"
EndProject
Global
	GlobalSection(SolutionConfigurationPlatforms) = preSolution
		Debug|Any CPU = Debug|Any CPU
		Release|Any CPU = Release|Any CPU
	EndGlobalSection
	GlobalSection(ProjectConfigurationPlatforms) = postSolution
		{766BBE58-3A9D-42CA-95C5-620271089F3A}.Debug|Any CPU.ActiveCfg = Debug|Any CPU
		{766BBE58-3A9D-42CA-95C5-620271089F3A}.Debug|Any CPU.Build.0 = Debug|Any CPU
		{766BBE58-3A9D-42CA-95C5-620271089F3A}.Release|Any CPU.ActiveCfg = Release|Any CPU
		{766BBE58-3A9D-42CA-95C5-620271089F3A}.Release|Any CPU.Build.0 = Release|Any CPU
	EndGlobalSection
	GlobalSection(SolutionProperties) = preSolution
		HideSolutionNode = FALSE
	EndGlobalSection
	GlobalSection(ExtensibilityGlobals) = postSolution
		SolutionGuid = {867F76E2-ABF9-4DEC-9B80-5C9DE1A4A72B}
	EndGlobalSection
EndGlobal
